// !$*UTF8*$!
{
	archiveVersion = 1;
	classes = {
	};
	objectVersion = 56;
	objects = {

/* Begin PBXBuildFile section */
		24A58E222B6688230067E210 /* NFCBusinessCardApp.swift in Sources */ = {isa = PBXBuildFile; fileRef = 24A58E212B6688230067E210 /* NFCBusinessCardApp.swift */; };
		24A58E242B6688230067E210 /* ContentView.swift in Sources */ = {isa = PBXBuildFile; fileRef = 24A58E232B6688230067E210 /* ContentView.swift */; };
		24A58E262B6688240067E210 /* Assets.xcassets in Resources */ = {isa = PBXBuildFile; fileRef = 24A58E252B6688240067E210 /* Assets.xcassets */; };
		24A58E292B6688240067E210 /* Preview Assets.xcassets in Resources */ = {isa = PBXBuildFile; fileRef = 24A58E282B6688240067E210 /* Preview Assets.xcassets */; };
		24A58E332B6688240067E210 /* NFCBusinessCardTests.swift in Sources */ = {isa = PBXBuildFile; fileRef = 24A58E322B6688240067E210 /* NFCBusinessCardTests.swift */; };
		24A58E3D2B6688240067E210 /* NFCBusinessCardUITests.swift in Sources */ = {isa = PBXBuildFile; fileRef = 24A58E3C2B6688240067E210 /* NFCBusinessCardUITests.swift */; };
		24A58E3F2B6688240067E210 /* NFCBusinessCardUITestsLaunchTests.swift in Sources */ = {isa = PBXBuildFile; fileRef = 24A58E3E2B6688240067E210 /* NFCBusinessCardUITestsLaunchTests.swift */; };
/* End PBXBuildFile section */

/* Begin PBXContainerItemProxy section */
		24A58E2F2B6688240067E210 /* PBXContainerItemProxy */ = {
			isa = PBXContainerItemProxy;
			containerPortal = 24A58E162B6688230067E210 /* Project object */;
			proxyType = 1;
			remoteGlobalIDString = 24A58E1D2B6688230067E210;
			remoteInfo = NFCBusinessCard;
		};
		24A58E392B6688240067E210 /* PBXContainerItemProxy */ = {
			isa = PBXContainerItemProxy;
			containerPortal = 24A58E162B6688230067E210 /* Project object */;
			proxyType = 1;
			remoteGlobalIDString = 24A58E1D2B6688230067E210;
			remoteInfo = NFCBusinessCard;
		};
/* End PBXContainerItemProxy section */

/* Begin PBXFileReference section */
		24A58E1E2B6688230067E210 /* NFCBusinessCard.app */ = {isa = PBXFileReference; explicitFileType = wrapper.application; includeInIndex = 0; path = NFCBusinessCard.app; sourceTree = BUILT_PRODUCTS_DIR; };
		24A58E212B6688230067E210 /* NFCBusinessCardApp.swift */ = {isa = PBXFileReference; lastKnownFileType = sourcecode.swift; path = NFCBusinessCardApp.swift; sourceTree = "<group>"; };
		24A58E232B6688230067E210 /* ContentView.swift */ = {isa = PBXFileReference; lastKnownFileType = sourcecode.swift; path = ContentView.swift; sourceTree = "<group>"; };
		24A58E252B6688240067E210 /* Assets.xcassets */ = {isa = PBXFileReference; lastKnownFileType = folder.assetcatalog; path = Assets.xcassets; sourceTree = "<group>"; };
		24A58E282B6688240067E210 /* Preview Assets.xcassets */ = {isa = PBXFileReference; lastKnownFileType = folder.assetcatalog; path = "Preview Assets.xcassets"; sourceTree = "<group>"; };
		24A58E2E2B6688240067E210 /* NFCBusinessCardTests.xctest */ = {isa = PBXFileReference; explicitFileType = wrapper.cfbundle; includeInIndex = 0; path = NFCBusinessCardTests.xctest; sourceTree = BUILT_PRODUCTS_DIR; };
		24A58E322B6688240067E210 /* NFCBusinessCardTests.swift */ = {isa = PBXFileReference; lastKnownFileType = sourcecode.swift; path = NFCBusinessCardTests.swift; sourceTree = "<group>"; };
		24A58E382B6688240067E210 /* NFCBusinessCardUITests.xctest */ = {isa = PBXFileReference; explicitFileType = wrapper.cfbundle; includeInIndex = 0; path = NFCBusinessCardUITests.xctest; sourceTree = BUILT_PRODUCTS_DIR; };
		24A58E3C2B6688240067E210 /* NFCBusinessCardUITests.swift */ = {isa = PBXFileReference; lastKnownFileType = sourcecode.swift; path = NFCBusinessCardUITests.swift; sourceTree = "<group>"; };
		24A58E3E2B6688240067E210 /* NFCBusinessCardUITestsLaunchTests.swift */ = {isa = PBXFileReference; lastKnownFileType = sourcecode.swift; path = NFCBusinessCardUITestsLaunchTests.swift; sourceTree = "<group>"; };
/* End PBXFileReference section */

/* Begin PBXFrameworksBuildPhase section */
		24A58E1B2B6688230067E210 /* Frameworks */ = {
			isa = PBXFrameworksBuildPhase;
			buildActionMask = 2147483647;
			files = (
			);
			runOnlyForDeploymentPostprocessing = 0;
		};
		24A58E2B2B6688240067E210 /* Frameworks */ = {
			isa = PBXFrameworksBuildPhase;
			buildActionMask = 2147483647;
			files = (
			);
			runOnlyForDeploymentPostprocessing = 0;
		};
		24A58E352B6688240067E210 /* Frameworks */ = {
			isa = PBXFrameworksBuildPhase;
			buildActionMask = 2147483647;
			files = (
			);
			runOnlyForDeploymentPostprocessing = 0;
		};
/* End PBXFrameworksBuildPhase section */

/* Begin PBXGroup section */
		24A58E152B6688230067E210 = {
			isa = PBXGroup;
			children = (
				24A58E202B6688230067E210 /* NFCBusinessCard */,
				24A58E312B6688240067E210 /* NFCBusinessCardTests */,
				24A58E3B2B6688240067E210 /* NFCBusinessCardUITests */,
				24A58E1F2B6688230067E210 /* Products */,
			);
			sourceTree = "<group>";
		};
		24A58E1F2B6688230067E210 /* Products */ = {
			isa = PBXGroup;
			children = (
				24A58E1E2B6688230067E210 /* NFCBusinessCard.app */,
				24A58E2E2B6688240067E210 /* NFCBusinessCardTests.xctest */,
				24A58E382B6688240067E210 /* NFCBusinessCardUITests.xctest */,
			);
			name = Products;
			sourceTree = "<group>";
		};
		24A58E202B6688230067E210 /* NFCBusinessCard */ = {
			isa = PBXGroup;
			children = (
				24A58E212B6688230067E210 /* NFCBusinessCardApp.swift */,
				24A58E232B6688230067E210 /* ContentView.swift */,
				24A58E252B6688240067E210 /* Assets.xcassets */,
				24A58E272B6688240067E210 /* Preview Content */,
			);
			path = NFCBusinessCard;
			sourceTree = "<group>";
		};
		24A58E272B6688240067E210 /* Preview Content */ = {
			isa = PBXGroup;
			children = (
				24A58E282B6688240067E210 /* Preview Assets.xcassets */,
			);
			path = "Preview Content";
			sourceTree = "<group>";
		};
		24A58E312B6688240067E210 /* NFCBusinessCardTests */ = {
			isa = PBXGroup;
			children = (
				24A58E322B6688240067E210 /* NFCBusinessCardTests.swift */,
			);
			path = NFCBusinessCardTests;
			sourceTree = "<group>";
		};
		24A58E3B2B6688240067E210 /* NFCBusinessCardUITests */ = {
			isa = PBXGroup;
			children = (
				24A58E3C2B6688240067E210 /* NFCBusinessCardUITests.swift */,
				24A58E3E2B6688240067E210 /* NFCBusinessCardUITestsLaunchTests.swift */,
			);
			path = NFCBusinessCardUITests;
			sourceTree = "<group>";
		};
/* End PBXGroup section */

/* Begin PBXNativeTarget section */
		24A58E1D2B6688230067E210 /* NFCBusinessCard */ = {
			isa = PBXNativeTarget;
			buildConfigurationList = 24A58E422B6688240067E210 /* Build configuration list for PBXNativeTarget "NFCBusinessCard" */;
			buildPhases = (
				24A58E1A2B6688230067E210 /* Sources */,
				24A58E1B2B6688230067E210 /* Frameworks */,
				24A58E1C2B6688230067E210 /* Resources */,
			);
			buildRules = (
			);
			dependencies = (
			);
			name = NFCBusinessCard;
			productName = NFCBusinessCard;
			productReference = 24A58E1E2B6688230067E210 /* NFCBusinessCard.app */;
			productType = "com.apple.product-type.application";
		};
		24A58E2D2B6688240067E210 /* NFCBusinessCardTests */ = {
			isa = PBXNativeTarget;
			buildConfigurationList = 24A58E452B6688240067E210 /* Build configuration list for PBXNativeTarget "NFCBusinessCardTests" */;
			buildPhases = (
				24A58E2A2B6688240067E210 /* Sources */,
				24A58E2B2B6688240067E210 /* Frameworks */,
				24A58E2C2B6688240067E210 /* Resources */,
			);
			buildRules = (
			);
			dependencies = (
				24A58E302B6688240067E210 /* PBXTargetDependency */,
			);
			name = NFCBusinessCardTests;
			productName = NFCBusinessCardTests;
			productReference = 24A58E2E2B6688240067E210 /* NFCBusinessCardTests.xctest */;
			productType = "com.apple.product-type.bundle.unit-test";
		};
		24A58E372B6688240067E210 /* NFCBusinessCardUITests */ = {
			isa = PBXNativeTarget;
			buildConfigurationList = 24A58E482B6688240067E210 /* Build configuration list for PBXNativeTarget "NFCBusinessCardUITests" */;
			buildPhases = (
				24A58E342B6688240067E210 /* Sources */,
				24A58E352B6688240067E210 /* Frameworks */,
				24A58E362B6688240067E210 /* Resources */,
			);
			buildRules = (
			);
			dependencies = (
				24A58E3A2B6688240067E210 /* PBXTargetDependency */,
			);
			name = NFCBusinessCardUITests;
			productName = NFCBusinessCardUITests;
			productReference = 24A58E382B6688240067E210 /* NFCBusinessCardUITests.xctest */;
			productType = "com.apple.product-type.bundle.ui-testing";
		};
/* End PBXNativeTarget section */

/* Begin PBXProject section */
		24A58E162B6688230067E210 /* Project object */ = {
			isa = PBXProject;
			attributes = {
				BuildIndependentTargetsInParallel = 1;
				LastSwiftUpdateCheck = 1520;
				LastUpgradeCheck = 1520;
				TargetAttributes = {
					24A58E1D2B6688230067E210 = {
						CreatedOnToolsVersion = 15.2;
					};
					24A58E2D2B6688240067E210 = {
						CreatedOnToolsVersion = 15.2;
						TestTargetID = 24A58E1D2B6688230067E210;
					};
					24A58E372B6688240067E210 = {
						CreatedOnToolsVersion = 15.2;
						TestTargetID = 24A58E1D2B6688230067E210;
					};
				};
			};
			buildConfigurationList = 24A58E192B6688230067E210 /* Build configuration list for PBXProject "NFCBusinessCard" */;
			compatibilityVersion = "Xcode 14.0";
			developmentRegion = en;
			hasScannedForEncodings = 0;
			knownRegions = (
				en,
				Base,
			);
			mainGroup = 24A58E152B6688230067E210;
			productRefGroup = 24A58E1F2B6688230067E210 /* Products */;
			projectDirPath = "";
			projectRoot = "";
			targets = (
				24A58E1D2B6688230067E210 /* NFCBusinessCard */,
				24A58E2D2B6688240067E210 /* NFCBusinessCardTests */,
				24A58E372B6688240067E210 /* NFCBusinessCardUITests */,
			);
		};
/* End PBXProject section */

/* Begin PBXResourcesBuildPhase section */
		24A58E1C2B6688230067E210 /* Resources */ = {
			isa = PBXResourcesBuildPhase;
			buildActionMask = 2147483647;
			files = (
				24A58E292B6688240067E210 /* Preview Assets.xcassets in Resources */,
				24A58E262B6688240067E210 /* Assets.xcassets in Resources */,
			);
			runOnlyForDeploymentPostprocessing = 0;
		};
		24A58E2C2B6688240067E210 /* Resources */ = {
			isa = PBXResourcesBuildPhase;
			buildActionMask = 2147483647;
			files = (
			);
			runOnlyForDeploymentPostprocessing = 0;
		};
		24A58E362B6688240067E210 /* Resources */ = {
			isa = PBXResourcesBuildPhase;
			buildActionMask = 2147483647;
			files = (
			);
			runOnlyForDeploymentPostprocessing = 0;
		};
/* End PBXResourcesBuildPhase section */

/* Begin PBXSourcesBuildPhase section */
		24A58E1A2B6688230067E210 /* Sources */ = {
			isa = PBXSourcesBuildPhase;
			buildActionMask = 2147483647;
			files = (
				24A58E242B6688230067E210 /* ContentView.swift in Sources */,
				24A58E222B6688230067E210 /* NFCBusinessCardApp.swift in Sources */,
			);
			runOnlyForDeploymentPostprocessing = 0;
		};
		24A58E2A2B6688240067E210 /* Sources */ = {
			isa = PBXSourcesBuildPhase;
			buildActionMask = 2147483647;
			files = (
				24A58E332B6688240067E210 /* NFCBusinessCardTests.swift in Sources */,
			);
			runOnlyForDeploymentPostprocessing = 0;
		};
		24A58E342B6688240067E210 /* Sources */ = {
			isa = PBXSourcesBuildPhase;
			buildActionMask = 2147483647;
			files = (
				24A58E3F2B6688240067E210 /* NFCBusinessCardUITestsLaunchTests.swift in Sources */,
				24A58E3D2B6688240067E210 /* NFCBusinessCardUITests.swift in Sources */,
			);
			runOnlyForDeploymentPostprocessing = 0;
		};
/* End PBXSourcesBuildPhase section */

/* Begin PBXTargetDependency section */
		24A58E302B6688240067E210 /* PBXTargetDependency */ = {
			isa = PBXTargetDependency;
			target = 24A58E1D2B6688230067E210 /* NFCBusinessCard */;
			targetProxy = 24A58E2F2B6688240067E210 /* PBXContainerItemProxy */;
		};
		24A58E3A2B6688240067E210 /* PBXTargetDependency */ = {
			isa = PBXTargetDependency;
			target = 24A58E1D2B6688230067E210 /* NFCBusinessCard */;
			targetProxy = 24A58E392B6688240067E210 /* PBXContainerItemProxy */;
		};
/* End PBXTargetDependency section */

/* Begin XCBuildConfiguration section */
		24A58E402B6688240067E210 /* Debug */ = {
			isa = XCBuildConfiguration;
			buildSettings = {
				ALWAYS_SEARCH_USER_PATHS = NO;
				ASSETCATALOG_COMPILER_GENERATE_SWIFT_ASSET_SYMBOL_EXTENSIONS = YES;
				CLANG_ANALYZER_NONNULL = YES;
				CLANG_ANALYZER_NUMBER_OBJECT_CONVERSION = YES_AGGRESSIVE;
				CLANG_CXX_LANGUAGE_STANDARD = "gnu++20";
				CLANG_ENABLE_MODULES = YES;
				CLANG_ENABLE_OBJC_ARC = YES;
				CLANG_ENABLE_OBJC_WEAK = YES;
				CLANG_WARN_BLOCK_CAPTURE_AUTORELEASING = YES;
				CLANG_WARN_BOOL_CONVERSION = YES;
				CLANG_WARN_COMMA = YES;
				CLANG_WARN_CONSTANT_CONVERSION = YES;
				CLANG_WARN_DEPRECATED_OBJC_IMPLEMENTATIONS = YES;
				CLANG_WARN_DIRECT_OBJC_ISA_USAGE = YES_ERROR;
				CLANG_WARN_DOCUMENTATION_COMMENTS = YES;
				CLANG_WARN_EMPTY_BODY = YES;
				CLANG_WARN_ENUM_CONVERSION = YES;
				CLANG_WARN_INFINITE_RECURSION = YES;
				CLANG_WARN_INT_CONVERSION = YES;
				CLANG_WARN_NON_LITERAL_NULL_CONVERSION = YES;
				CLANG_WARN_OBJC_IMPLICIT_RETAIN_SELF = YES;
				CLANG_WARN_OBJC_LITERAL_CONVERSION = YES;
				CLANG_WARN_OBJC_ROOT_CLASS = YES_ERROR;
				CLANG_WARN_QUOTED_INCLUDE_IN_FRAMEWORK_HEADER = YES;
				CLANG_WARN_RANGE_LOOP_ANALYSIS = YES;
				CLANG_WARN_STRICT_PROTOTYPES = YES;
				CLANG_WARN_SUSPICIOUS_MOVE = YES;
				CLANG_WARN_UNGUARDED_AVAILABILITY = YES_AGGRESSIVE;
				CLANG_WARN_UNREACHABLE_CODE = YES;
				CLANG_WARN__DUPLICATE_METHOD_MATCH = YES;
				COPY_PHASE_STRIP = NO;
				DEBUG_INFORMATION_FORMAT = dwarf;
				ENABLE_STRICT_OBJC_MSGSEND = YES;
				ENABLE_TESTABILITY = YES;
				ENABLE_USER_SCRIPT_SANDBOXING = YES;
				GCC_C_LANGUAGE_STANDARD = gnu17;
				GCC_DYNAMIC_NO_PIC = NO;
				GCC_NO_COMMON_BLOCKS = YES;
				GCC_OPTIMIZATION_LEVEL = 0;
				GCC_PREPROCESSOR_DEFINITIONS = (
					"DEBUG=1",
					"$(inherited)",
				);
				GCC_WARN_64_TO_32_BIT_CONVERSION = YES;
				GCC_WARN_ABOUT_RETURN_TYPE = YES_ERROR;
				GCC_WARN_UNDECLARED_SELECTOR = YES;
				GCC_WARN_UNINITIALIZED_AUTOS = YES_AGGRESSIVE;
				GCC_WARN_UNUSED_FUNCTION = YES;
				GCC_WARN_UNUSED_VARIABLE = YES;
				IPHONEOS_DEPLOYMENT_TARGET = 17.2;
				LOCALIZATION_PREFERS_STRING_CATALOGS = YES;
				MTL_ENABLE_DEBUG_INFO = INCLUDE_SOURCE;
				MTL_FAST_MATH = YES;
				ONLY_ACTIVE_ARCH = YES;
				SDKROOT = iphoneos;
				SWIFT_ACTIVE_COMPILATION_CONDITIONS = "DEBUG $(inherited)";
				SWIFT_OPTIMIZATION_LEVEL = "-Onone";
			};
			name = Debug;
		};
		24A58E412B6688240067E210 /* Release */ = {
			isa = XCBuildConfiguration;
			buildSettings = {
				ALWAYS_SEARCH_USER_PATHS = NO;
				ASSETCATALOG_COMPILER_GENERATE_SWIFT_ASSET_SYMBOL_EXTENSIONS = YES;
				CLANG_ANALYZER_NONNULL = YES;
				CLANG_ANALYZER_NUMBER_OBJECT_CONVERSION = YES_AGGRESSIVE;
				CLANG_CXX_LANGUAGE_STANDARD = "gnu++20";
				CLANG_ENABLE_MODULES = YES;
				CLANG_ENABLE_OBJC_ARC = YES;
				CLANG_ENABLE_OBJC_WEAK = YES;
				CLANG_WARN_BLOCK_CAPTURE_AUTORELEASING = YES;
				CLANG_WARN_BOOL_CONVERSION = YES;
				CLANG_WARN_COMMA = YES;
				CLANG_WARN_CONSTANT_CONVERSION = YES;
				CLANG_WARN_DEPRECATED_OBJC_IMPLEMENTATIONS = YES;
				CLANG_WARN_DIRECT_OBJC_ISA_USAGE = YES_ERROR;
				CLANG_WARN_DOCUMENTATION_COMMENTS = YES;
				CLANG_WARN_EMPTY_BODY = YES;
				CLANG_WARN_ENUM_CONVERSION = YES;
				CLANG_WARN_INFINITE_RECURSION = YES;
				CLANG_WARN_INT_CONVERSION = YES;
				CLANG_WARN_NON_LITERAL_NULL_CONVERSION = YES;
				CLANG_WARN_OBJC_IMPLICIT_RETAIN_SELF = YES;
				CLANG_WARN_OBJC_LITERAL_CONVERSION = YES;
				CLANG_WARN_OBJC_ROOT_CLASS = YES_ERROR;
				CLANG_WARN_QUOTED_INCLUDE_IN_FRAMEWORK_HEADER = YES;
				CLANG_WARN_RANGE_LOOP_ANALYSIS = YES;
				CLANG_WARN_STRICT_PROTOTYPES = YES;
				CLANG_WARN_SUSPICIOUS_MOVE = YES;
				CLANG_WARN_UNGUARDED_AVAILABILITY = YES_AGGRESSIVE;
				CLANG_WARN_UNREACHABLE_CODE = YES;
				CLANG_WARN__DUPLICATE_METHOD_MATCH = YES;
				COPY_PHASE_STRIP = NO;
				DEBUG_INFORMATION_FORMAT = "dwarf-with-dsym";
				ENABLE_NS_ASSERTIONS = NO;
				ENABLE_STRICT_OBJC_MSGSEND = YES;
				ENABLE_USER_SCRIPT_SANDBOXING = YES;
				GCC_C_LANGUAGE_STANDARD = gnu17;
				GCC_NO_COMMON_BLOCKS = YES;
				GCC_WARN_64_TO_32_BIT_CONVERSION = YES;
				GCC_WARN_ABOUT_RETURN_TYPE = YES_ERROR;
				GCC_WARN_UNDECLARED_SELECTOR = YES;
				GCC_WARN_UNINITIALIZED_AUTOS = YES_AGGRESSIVE;
				GCC_WARN_UNUSED_FUNCTION = YES;
				GCC_WARN_UNUSED_VARIABLE = YES;
				IPHONEOS_DEPLOYMENT_TARGET = 17.2;
				LOCALIZATION_PREFERS_STRING_CATALOGS = YES;
				MTL_ENABLE_DEBUG_INFO = NO;
				MTL_FAST_MATH = YES;
				SDKROOT = iphoneos;
				SWIFT_COMPILATION_MODE = wholemodule;
				VALIDATE_PRODUCT = YES;
			};
			name = Release;
		};
		24A58E432B6688240067E210 /* Debug */ = {
			isa = XCBuildConfiguration;
			buildSettings = {
				ASSETCATALOG_COMPILER_APPICON_NAME = AppIcon;
				ASSETCATALOG_COMPILER_GLOBAL_ACCENT_COLOR_NAME = AccentColor;
				CODE_SIGN_STYLE = Automatic;
				CURRENT_PROJECT_VERSION = 1;
				DEVELOPMENT_ASSET_PATHS = "\"NFCBusinessCard/Preview Content\"";
				DEVELOPMENT_TEAM = WB32WK7B28;
				ENABLE_PREVIEWS = YES;
				GENERATE_INFOPLIST_FILE = YES;
				INFOPLIST_KEY_UIApplicationSceneManifest_Generation = YES;
				INFOPLIST_KEY_UIApplicationSupportsIndirectInputEvents = YES;
				INFOPLIST_KEY_UILaunchScreen_Generation = YES;
				INFOPLIST_KEY_UISupportedInterfaceOrientations_iPad = "UIInterfaceOrientationPortrait UIInterfaceOrientationPortraitUpsideDown UIInterfaceOrientationLandscapeLeft UIInterfaceOrientationLandscapeRight";
				INFOPLIST_KEY_UISupportedInterfaceOrientations_iPhone = "UIInterfaceOrientationPortrait UIInterfaceOrientationLandscapeLeft UIInterfaceOrientationLandscapeRight";
				LD_RUNPATH_SEARCH_PATHS = (
					"$(inherited)",
					"@executable_path/Frameworks",
				);
				MARKETING_VERSION = 1.0;
				PRODUCT_BUNDLE_IDENTIFIER = com.shunsato.NFCBusinessCard;
				PRODUCT_NAME = "$(TARGET_NAME)";
				SWIFT_EMIT_LOC_STRINGS = YES;
				SWIFT_VERSION = 5.0;
				TARGETED_DEVICE_FAMILY = "1,2";
			};
			name = Debug;
		};
		24A58E442B6688240067E210 /* Release */ = {
			isa = XCBuildConfiguration;
			buildSettings = {
				ASSETCATALOG_COMPILER_APPICON_NAME = AppIcon;
				ASSETCATALOG_COMPILER_GLOBAL_ACCENT_COLOR_NAME = AccentColor;
				CODE_SIGN_STYLE = Automatic;
				CURRENT_PROJECT_VERSION = 1;
				DEVELOPMENT_ASSET_PATHS = "\"NFCBusinessCard/Preview Content\"";
				DEVELOPMENT_TEAM = WB32WK7B28;
				ENABLE_PREVIEWS = YES;
				GENERATE_INFOPLIST_FILE = YES;
				INFOPLIST_KEY_UIApplicationSceneManifest_Generation = YES;
				INFOPLIST_KEY_UIApplicationSupportsIndirectInputEvents = YES;
				INFOPLIST_KEY_UILaunchScreen_Generation = YES;
				INFOPLIST_KEY_UISupportedInterfaceOrientations_iPad = "UIInterfaceOrientationPortrait UIInterfaceOrientationPortraitUpsideDown UIInterfaceOrientationLandscapeLeft UIInterfaceOrientationLandscapeRight";
				INFOPLIST_KEY_UISupportedInterfaceOrientations_iPhone = "UIInterfaceOrientationPortrait UIInterfaceOrientationLandscapeLeft UIInterfaceOrientationLandscapeRight";
				LD_RUNPATH_SEARCH_PATHS = (
					"$(inherited)",
					"@executable_path/Frameworks",
				);
				MARKETING_VERSION = 1.0;
				PRODUCT_BUNDLE_IDENTIFIER = com.shunsato.NFCBusinessCard;
				PRODUCT_NAME = "$(TARGET_NAME)";
				SWIFT_EMIT_LOC_STRINGS = YES;
				SWIFT_VERSION = 5.0;
				TARGETED_DEVICE_FAMILY = "1,2";
			};
			name = Release;
		};
		24A58E462B6688240067E210 /* Debug */ = {
			isa = XCBuildConfiguration;
			buildSettings = {
				ALWAYS_EMBED_SWIFT_STANDARD_LIBRARIES = YES;
				BUNDLE_LOADER = "$(TEST_HOST)";
				CODE_SIGN_STYLE = Automatic;
				CURRENT_PROJECT_VERSION = 1;
				DEVELOPMENT_TEAM = WB32WK7B28;
				GENERATE_INFOPLIST_FILE = YES;
				IPHONEOS_DEPLOYMENT_TARGET = 17.2;
				MARKETING_VERSION = 1.0;
				PRODUCT_BUNDLE_IDENTIFIER = com.shunsato.NFCBusinessCardTests;
				PRODUCT_NAME = "$(TARGET_NAME)";
				SWIFT_EMIT_LOC_STRINGS = NO;
				SWIFT_VERSION = 5.0;
				TARGETED_DEVICE_FAMILY = "1,2";
				TEST_HOST = "$(BUILT_PRODUCTS_DIR)/NFCBusinessCard.app/$(BUNDLE_EXECUTABLE_FOLDER_PATH)/NFCBusinessCard";
			};
			name = Debug;
		};
		24A58E472B6688240067E210 /* Release */ = {
			isa = XCBuildConfiguration;
			buildSettings = {
				ALWAYS_EMBED_SWIFT_STANDARD_LIBRARIES = YES;
				BUNDLE_LOADER = "$(TEST_HOST)";
				CODE_SIGN_STYLE = Automatic;
				CURRENT_PROJECT_VERSION = 1;
				DEVELOPMENT_TEAM = WB32WK7B28;
				GENERATE_INFOPLIST_FILE = YES;
				IPHONEOS_DEPLOYMENT_TARGET = 17.2;
				MARKETING_VERSION = 1.0;
				PRODUCT_BUNDLE_IDENTIFIER = com.shunsato.NFCBusinessCardTests;
				PRODUCT_NAME = "$(TARGET_NAME)";
				SWIFT_EMIT_LOC_STRINGS = NO;
				SWIFT_VERSION = 5.0;
				TARGETED_DEVICE_FAMILY = "1,2";
				TEST_HOST = "$(BUILT_PRODUCTS_DIR)/NFCBusinessCard.app/$(BUNDLE_EXECUTABLE_FOLDER_PATH)/NFCBusinessCard";
			};
			name = Release;
		};
		24A58E492B6688240067E210 /* Debug */ = {
			isa = XCBuildConfiguration;
			buildSettings = {
				ALWAYS_EMBED_SWIFT_STANDARD_LIBRARIES = YES;
				CODE_SIGN_STYLE = Automatic;
				CURRENT_PROJECT_VERSION = 1;
				DEVELOPMENT_TEAM = WB32WK7B28;
				GENERATE_INFOPLIST_FILE = YES;
				MARKETING_VERSION = 1.0;
				PRODUCT_BUNDLE_IDENTIFIER = com.shunsato.NFCBusinessCardUITests;
				PRODUCT_NAME = "$(TARGET_NAME)";
				SWIFT_EMIT_LOC_STRINGS = NO;
				SWIFT_VERSION = 5.0;
				TARGETED_DEVICE_FAMILY = "1,2";
				TEST_TARGET_NAME = NFCBusinessCard;
			};
			name = Debug;
		};
		24A58E4A2B6688240067E210 /* Release */ = {
			isa = XCBuildConfiguration;
			buildSettings = {
				ALWAYS_EMBED_SWIFT_STANDARD_LIBRARIES = YES;
				CODE_SIGN_STYLE = Automatic;
				CURRENT_PROJECT_VERSION = 1;
				DEVELOPMENT_TEAM = WB32WK7B28;
				GENERATE_INFOPLIST_FILE = YES;
				MARKETING_VERSION = 1.0;
				PRODUCT_BUNDLE_IDENTIFIER = com.shunsato.NFCBusinessCardUITests;
				PRODUCT_NAME = "$(TARGET_NAME)";
				SWIFT_EMIT_LOC_STRINGS = NO;
				SWIFT_VERSION = 5.0;
				TARGETED_DEVICE_FAMILY = "1,2";
				TEST_TARGET_NAME = NFCBusinessCard;
			};
			name = Release;
		};
/* End XCBuildConfiguration section */

/* Begin XCConfigurationList section */
		24A58E192B6688230067E210 /* Build configuration list for PBXProject "NFCBusinessCard" */ = {
			isa = XCConfigurationList;
			buildConfigurations = (
				24A58E402B6688240067E210 /* Debug */,
				24A58E412B6688240067E210 /* Release */,
			);
			defaultConfigurationIsVisible = 0;
			defaultConfigurationName = Release;
		};
		24A58E422B6688240067E210 /* Build configuration list for PBXNativeTarget "NFCBusinessCard" */ = {
			isa = XCConfigurationList;
			buildConfigurations = (
				24A58E432B6688240067E210 /* Debug */,
				24A58E442B6688240067E210 /* Release */,
			);
			defaultConfigurationIsVisible = 0;
			defaultConfigurationName = Release;
		};
		24A58E452B6688240067E210 /* Build configuration list for PBXNativeTarget "NFCBusinessCardTests" */ = {
			isa = XCConfigurationList;
			buildConfigurations = (
				24A58E462B6688240067E210 /* Debug */,
				24A58E472B6688240067E210 /* Release */,
			);
			defaultConfigurationIsVisible = 0;
			defaultConfigurationName = Release;
		};
		24A58E482B6688240067E210 /* Build configuration list for PBXNativeTarget "NFCBusinessCardUITests" */ = {
			isa = XCConfigurationList;
			buildConfigurations = (
				24A58E492B6688240067E210 /* Debug */,
				24A58E4A2B6688240067E210 /* Release */,
			);
			defaultConfigurationIsVisible = 0;
			defaultConfigurationName = Release;
		};
/* End XCConfigurationList section */
	};
	rootObject = 24A58E162B6688230067E210 /* Project object */;
}
